
Microsoft Visual Studio Solution File, Format Version 12.00
# Visual Studio Version 17
VisualStudioVersion = 17.3.32901.215
MinimumVisualStudioVersion = 10.0.40219.1
Project("{FAE04EC0-301F-11D3-BF4B-00C04F79EFBC}") = "TextBlockDemo", "TextBlockDemo.csproj", "{ECFBFF3D-FD96-46EA-858D-9011D56EA4FF}"
EndProject
Global
	GlobalSection(SolutionConfigurationPlatforms) = preSolution
		Debug|Any CPU = Debug|Any CPU
		Release|Any CPU = Release|Any CPU
	EndGlobalSection
	GlobalSection(ProjectConfigurationPlatforms) = postSolution
		{ECFBFF3D-FD96-46EA-858D-9011D56EA4FF}.Debug|Any CPU.ActiveCfg = Debug|Any CPU
		{ECFBFF3D-FD96-46EA-858D-9011D56EA4FF}.Debug|Any CPU.Build.0 = Debug|Any CPU
		{ECFBFF3D-FD96-46EA-858D-9011D56EA4FF}.Release|Any CPU.ActiveCfg = Release|Any CPU
		{ECFBFF3D-FD96-46EA-858D-9011D56EA4FF}.Release|Any CPU.Build.0 = Release|Any CPU
	EndGlobalSection
	GlobalSection(SolutionProperties) = preSolution
		HideSolutionNode = FALSE
	EndGlobalSection
	GlobalSection(ExtensibilityGlobals) = postSolution
		SolutionGuid = {445F8A0D-E3E6-47A0-A0EF-29F1BA732674}
	EndGlobalSection
EndGlobal
